// !$*UTF8*$!
{
	archiveVersion = 1;
	classes = {
	};
	objectVersion = 55;
	objects = {

/* Begin PBXBuildFile section */
		326712B627F31C4C0099F3E3 /* AppDelegate.swift in Sources */ = {isa = PBXBuildFile; fileRef = 326712B527F31C4C0099F3E3 /* AppDelegate.swift */; };
		326712B827F31C4C0099F3E3 /* SceneDelegate.swift in Sources */ = {isa = PBXBuildFile; fileRef = 326712B727F31C4C0099F3E3 /* SceneDelegate.swift */; };
		326712BA27F31C4C0099F3E3 /* ViewController.swift in Sources */ = {isa = PBXBuildFile; fileRef = 326712B927F31C4C0099F3E3 /* ViewController.swift */; };
		326712BD27F31C4C0099F3E3 /* Main.storyboard in Resources */ = {isa = PBXBuildFile; fileRef = 326712BB27F31C4C0099F3E3 /* Main.storyboard */; };
		326712C027F31C4C0099F3E3 /* DifferentWaysForUI.xcdatamodeld in Sources */ = {isa = PBXBuildFile; fileRef = 326712BE27F31C4C0099F3E3 /* DifferentWaysForUI.xcdatamodeld */; };
		326712C227F31C4D0099F3E3 /* Assets.xcassets in Resources */ = {isa = PBXBuildFile; fileRef = 326712C127F31C4D0099F3E3 /* Assets.xcassets */; };
		326712C527F31C4D0099F3E3 /* LaunchScreen.storyboard in Resources */ = {isa = PBXBuildFile; fileRef = 326712C327F31C4D0099F3E3 /* LaunchScreen.storyboard */; };
/* End PBXBuildFile section */

/* Begin PBXFileReference section */
		326712B227F31C4C0099F3E3 /* DifferentWaysForUI.app */ = {isa = PBXFileReference; explicitFileType = wrapper.application; includeInIndex = 0; path = DifferentWaysForUI.app; sourceTree = BUILT_PRODUCTS_DIR; };
		326712B527F31C4C0099F3E3 /* AppDelegate.swift */ = {isa = PBXFileReference; lastKnownFileType = sourcecode.swift; path = AppDelegate.swift; sourceTree = "<group>"; };
		326712B727F31C4C0099F3E3 /* SceneDelegate.swift */ = {isa = PBXFileReference; lastKnownFileType = sourcecode.swift; path = SceneDelegate.swift; sourceTree = "<group>"; };
		326712B927F31C4C0099F3E3 /* ViewController.swift */ = {isa = PBXFileReference; lastKnownFileType = sourcecode.swift; path = ViewController.swift; sourceTree = "<group>"; };
		326712BC27F31C4C0099F3E3 /* Base */ = {isa = PBXFileReference; lastKnownFileType = file.storyboard; name = Base; path = Base.lproj/Main.storyboard; sourceTree = "<group>"; };
		326712BF27F31C4C0099F3E3 /* DifferentWaysForUI.xcdatamodel */ = {isa = PBXFileReference; lastKnownFileType = wrapper.xcdatamodel; path = DifferentWaysForUI.xcdatamodel; sourceTree = "<group>"; };
		326712C127F31C4D0099F3E3 /* Assets.xcassets */ = {isa = PBXFileReference; lastKnownFileType = folder.assetcatalog; path = Assets.xcassets; sourceTree = "<group>"; };
		326712C427F31C4D0099F3E3 /* Base */ = {isa = PBXFileReference; lastKnownFileType = file.storyboard; name = Base; path = Base.lproj/LaunchScreen.storyboard; sourceTree = "<group>"; };
		326712C627F31C4D0099F3E3 /* Info.plist */ = {isa = PBXFileReference; lastKnownFileType = text.plist.xml; path = Info.plist; sourceTree = "<group>"; };
/* End PBXFileReference section */

/* Begin PBXFrameworksBuildPhase section */
		326712AF27F31C4C0099F3E3 /* Frameworks */ = {
			isa = PBXFrameworksBuildPhase;
			buildActionMask = 2147483647;
			files = (
			);
			runOnlyForDeploymentPostprocessing = 0;
		};
/* End PBXFrameworksBuildPhase section */

/* Begin PBXGroup section */
		326712A927F31C4C0099F3E3 = {
			isa = PBXGroup;
			children = (
				326712B427F31C4C0099F3E3 /* DifferentWaysForUI */,
				326712B327F31C4C0099F3E3 /* Products */,
			);
			sourceTree = "<group>";
		};
		326712B327F31C4C0099F3E3 /* Products */ = {
			isa = PBXGroup;
			children = (
				326712B227F31C4C0099F3E3 /* DifferentWaysForUI.app */,
			);
			name = Products;
			sourceTree = "<group>";
		};
		326712B427F31C4C0099F3E3 /* DifferentWaysForUI */ = {
			isa = PBXGroup;
			children = (
				326712B527F31C4C0099F3E3 /* AppDelegate.swift */,
				326712B727F31C4C0099F3E3 /* SceneDelegate.swift */,
				326712B927F31C4C0099F3E3 /* ViewController.swift */,
				326712BB27F31C4C0099F3E3 /* Main.storyboard */,
				326712C127F31C4D0099F3E3 /* Assets.xcassets */,
				326712C327F31C4D0099F3E3 /* LaunchScreen.storyboard */,
				326712C627F31C4D0099F3E3 /* Info.plist */,
				326712BE27F31C4C0099F3E3 /* DifferentWaysForUI.xcdatamodeld */,
			);
			path = DifferentWaysForUI;
			sourceTree = "<group>";
		};
/* End PBXGroup section */

/* Begin PBXNativeTarget section */
		326712B127F31C4C0099F3E3 /* DifferentWaysForUI */ = {
			isa = PBXNativeTarget;
			buildConfigurationList = 326712C927F31C4D0099F3E3 /* Build configuration list for PBXNativeTarget "DifferentWaysForUI" */;
			buildPhases = (
				326712AE27F31C4C0099F3E3 /* Sources */,
				326712AF27F31C4C0099F3E3 /* Frameworks */,
				326712B027F31C4C0099F3E3 /* Resources */,
			);
			buildRules = (
			);
			dependencies = (
			);
			name = DifferentWaysForUI;
			productName = DifferentWaysForUI;
			productReference = 326712B227F31C4C0099F3E3 /* DifferentWaysForUI.app */;
			productType = "com.apple.product-type.application";
		};
/* End PBXNativeTarget section */

/* Begin PBXProject section */
		326712AA27F31C4C0099F3E3 /* Project object */ = {
			isa = PBXProject;
			attributes = {
				BuildIndependentTargetsInParallel = 1;
				LastSwiftUpdateCheck = 1330;
				LastUpgradeCheck = 1330;
				TargetAttributes = {
					326712B127F31C4C0099F3E3 = {
						CreatedOnToolsVersion = 13.3;
					};
				};
			};
			buildConfigurationList = 326712AD27F31C4C0099F3E3 /* Build configuration list for PBXProject "DifferentWaysForUI" */;
			compatibilityVersion = "Xcode 13.0";
			developmentRegion = en;
			hasScannedForEncodings = 0;
			knownRegions = (
				en,
				Base,
			);
			mainGroup = 326712A927F31C4C0099F3E3;
			productRefGroup = 326712B327F31C4C0099F3E3 /* Products */;
			projectDirPath = "";
			projectRoot = "";
			targets = (
				326712B127F31C4C0099F3E3 /* DifferentWaysForUI */,
			);
		};
/* End PBXProject section */

/* Begin PBXResourcesBuildPhase section */
		326712B027F31C4C0099F3E3 /* Resources */ = {
			isa = PBXResourcesBuildPhase;
			buildActionMask = 2147483647;
			files = (
				326712C527F31C4D0099F3E3 /* LaunchScreen.storyboard in Resources */,
				326712C227F31C4D0099F3E3 /* Assets.xcassets in Resources */,
				326712BD27F31C4C0099F3E3 /* Main.storyboard in Resources */,
			);
			runOnlyForDeploymentPostprocessing = 0;
		};
/* End PBXResourcesBuildPhase section */

/* Begin PBXSourcesBuildPhase section */
		326712AE27F31C4C0099F3E3 /* Sources */ = {
			isa = PBXSourcesBuildPhase;
			buildActionMask = 2147483647;
			files = (
				326712BA27F31C4C0099F3E3 /* ViewController.swift in Sources */,
				326712B627F31C4C0099F3E3 /* AppDelegate.swift in Sources */,
				326712B827F31C4C0099F3E3 /* SceneDelegate.swift in Sources */,
				326712C027F31C4C0099F3E3 /* DifferentWaysForUI.xcdatamodeld in Sources */,
			);
			runOnlyForDeploymentPostprocessing = 0;
		};
/* End PBXSourcesBuildPhase section */

/* Begin PBXVariantGroup section */
		326712BB27F31C4C0099F3E3 /* Main.storyboard */ = {
			isa = PBXVariantGroup;
			children = (
				326712BC27F31C4C0099F3E3 /* Base */,
			);
			name = Main.storyboard;
			sourceTree = "<group>";
		};
		326712C327F31C4D0099F3E3 /* LaunchScreen.storyboard */ = {
			isa = PBXVariantGroup;
			children = (
				326712C427F31C4D0099F3E3 /* Base */,
			);
			name = LaunchScreen.storyboard;
			sourceTree = "<group>";
		};
/* End PBXVariantGroup section */

/* Begin XCBuildConfiguration section */
		326712C727F31C4D0099F3E3 /* Debug */ = {
			isa = XCBuildConfiguration;
			buildSettings = {
				ALWAYS_SEARCH_USER_PATHS = NO;
				CLANG_ANALYZER_NONNULL = YES;
				CLANG_ANALYZER_NUMBER_OBJECT_CONVERSION = YES_AGGRESSIVE;
				CLANG_CXX_LANGUAGE_STANDARD = "gnu++17";
				CLANG_ENABLE_MODULES = YES;
				CLANG_ENABLE_OBJC_ARC = YES;
				CLANG_ENABLE_OBJC_WEAK = YES;
				CLANG_WARN_BLOCK_CAPTURE_AUTORELEASING = YES;
				CLANG_WARN_BOOL_CONVERSION = YES;
				CLANG_WARN_COMMA = YES;
				CLANG_WARN_CONSTANT_CONVERSION = YES;
				CLANG_WARN_DEPRECATED_OBJC_IMPLEMENTATIONS = YES;
				CLANG_WARN_DIRECT_OBJC_ISA_USAGE = YES_ERROR;
				CLANG_WARN_DOCUMENTATION_COMMENTS = YES;
				CLANG_WARN_EMPTY_BODY = YES;
				CLANG_WARN_ENUM_CONVERSION = YES;
				CLANG_WARN_INFINITE_RECURSION = YES;
				CLANG_WARN_INT_CONVERSION = YES;
				CLANG_WARN_NON_LITERAL_NULL_CONVERSION = YES;
				CLANG_WARN_OBJC_IMPLICIT_RETAIN_SELF = YES;
				CLANG_WARN_OBJC_LITERAL_CONVERSION = YES;
				CLANG_WARN_OBJC_ROOT_CLASS = YES_ERROR;
				CLANG_WARN_QUOTED_INCLUDE_IN_FRAMEWORK_HEADER = YES;
				CLANG_WARN_RANGE_LOOP_ANALYSIS = YES;
				CLANG_WARN_STRICT_PROTOTYPES = YES;
				CLANG_WARN_SUSPICIOUS_MOVE = YES;
				CLANG_WARN_UNGUARDED_AVAILABILITY = YES_AGGRESSIVE;
				CLANG_WARN_UNREACHABLE_CODE = YES;
				CLANG_WARN__DUPLICATE_METHOD_MATCH = YES;
				COPY_PHASE_STRIP = NO;
				DEBUG_INFORMATION_FORMAT = dwarf;
				ENABLE_STRICT_OBJC_MSGSEND = YES;
				ENABLE_TESTABILITY = YES;
				GCC_C_LANGUAGE_STANDARD = gnu11;
				GCC_DYNAMIC_NO_PIC = NO;
				GCC_NO_COMMON_BLOCKS = YES;
				GCC_OPTIMIZATION_LEVEL = 0;
				GCC_PREPROCESSOR_DEFINITIONS = (
					"DEBUG=1",
					"$(inherited)",
				);
				GCC_WARN_64_TO_32_BIT_CONVERSION = YES;
				GCC_WARN_ABOUT_RETURN_TYPE = YES_ERROR;
				GCC_WARN_UNDECLARED_SELECTOR = YES;
				GCC_WARN_UNINITIALIZED_AUTOS = YES_AGGRESSIVE;
				GCC_WARN_UNUSED_FUNCTION = YES;
				GCC_WARN_UNUSED_VARIABLE = YES;
				IPHONEOS_DEPLOYMENT_TARGET = 15.4;
				MTL_ENABLE_DEBUG_INFO = INCLUDE_SOURCE;
				MTL_FAST_MATH = YES;
				ONLY_ACTIVE_ARCH = YES;
				SDKROOT = iphoneos;
				SWIFT_ACTIVE_COMPILATION_CONDITIONS = DEBUG;
				SWIFT_OPTIMIZATION_LEVEL = "-Onone";
			};
			name = Debug;
		};
		326712C827F31C4D0099F3E3 /* Release */ = {
			isa = XCBuildConfiguration;
			buildSettings = {
				ALWAYS_SEARCH_USER_PATHS = NO;
				CLANG_ANALYZER_NONNULL = YES;
				CLANG_ANALYZER_NUMBER_OBJECT_CONVERSION = YES_AGGRESSIVE;
				CLANG_CXX_LANGUAGE_STANDARD = "gnu++17";
				CLANG_ENABLE_MODULES = YES;
				CLANG_ENABLE_OBJC_ARC = YES;
				CLANG_ENABLE_OBJC_WEAK = YES;
				CLANG_WARN_BLOCK_CAPTURE_AUTORELEASING = YES;
				CLANG_WARN_BOOL_CONVERSION = YES;
				CLANG_WARN_COMMA = YES;
				CLANG_WARN_CONSTANT_CONVERSION = YES;
				CLANG_WARN_DEPRECATED_OBJC_IMPLEMENTATIONS = YES;
				CLANG_WARN_DIRECT_OBJC_ISA_USAGE = YES_ERROR;
				CLANG_WARN_DOCUMENTATION_COMMENTS = YES;
				CLANG_WARN_EMPTY_BODY = YES;
				CLANG_WARN_ENUM_CONVERSION = YES;
				CLANG_WARN_INFINITE_RECURSION = YES;
				CLANG_WARN_INT_CONVERSION = YES;
				CLANG_WARN_NON_LITERAL_NULL_CONVERSION = YES;
				CLANG_WARN_OBJC_IMPLICIT_RETAIN_SELF = YES;
				CLANG_WARN_OBJC_LITERAL_CONVERSION = YES;
				CLANG_WARN_OBJC_ROOT_CLASS = YES_ERROR;
				CLANG_WARN_QUOTED_INCLUDE_IN_FRAMEWORK_HEADER = YES;
				CLANG_WARN_RANGE_LOOP_ANALYSIS = YES;
				CLANG_WARN_STRICT_PROTOTYPES = YES;
				CLANG_WARN_SUSPICIOUS_MOVE = YES;
				CLANG_WARN_UNGUARDED_AVAILABILITY = YES_AGGRESSIVE;
				CLANG_WARN_UNREACHABLE_CODE = YES;
				CLANG_WARN__DUPLICATE_METHOD_MATCH = YES;
				COPY_PHASE_STRIP = NO;
				DEBUG_INFORMATION_FORMAT = "dwarf-with-dsym";
				ENABLE_NS_ASSERTIONS = NO;
				ENABLE_STRICT_OBJC_MSGSEND = YES;
				GCC_C_LANGUAGE_STANDARD = gnu11;
				GCC_NO_COMMON_BLOCKS = YES;
				GCC_WARN_64_TO_32_BIT_CONVERSION = YES;
				GCC_WARN_ABOUT_RETURN_TYPE = YES_ERROR;
				GCC_WARN_UNDECLARED_SELECTOR = YES;
				GCC_WARN_UNINITIALIZED_AUTOS = YES_AGGRESSIVE;
				GCC_WARN_UNUSED_FUNCTION = YES;
				GCC_WARN_UNUSED_VARIABLE = YES;
				IPHONEOS_DEPLOYMENT_TARGET = 15.4;
				MTL_ENABLE_DEBUG_INFO = NO;
				MTL_FAST_MATH = YES;
				SDKROOT = iphoneos;
				SWIFT_COMPILATION_MODE = wholemodule;
				SWIFT_OPTIMIZATION_LEVEL = "-O";
				VALIDATE_PRODUCT = YES;
			};
			name = Release;
		};
		326712CA27F31C4D0099F3E3 /* Debug */ = {
			isa = XCBuildConfiguration;
			buildSettings = {
				ASSETCATALOG_COMPILER_APPICON_NAME = AppIcon;
				ASSETCATALOG_COMPILER_GLOBAL_ACCENT_COLOR_NAME = AccentColor;
				CODE_SIGN_STYLE = Automatic;
				CURRENT_PROJECT_VERSION = 1;
				DEVELOPMENT_TEAM = 4B3LS46Z5J;
				GENERATE_INFOPLIST_FILE = YES;
				INFOPLIST_FILE = DifferentWaysForUI/Info.plist;
				INFOPLIST_KEY_UIApplicationSupportsIndirectInputEvents = YES;
				INFOPLIST_KEY_UILaunchStoryboardName = LaunchScreen;
				INFOPLIST_KEY_UIMainStoryboardFile = Main;
				INFOPLIST_KEY_UISupportedInterfaceOrientations_iPad = "UIInterfaceOrientationPortrait UIInterfaceOrientationPortraitUpsideDown UIInterfaceOrientationLandscapeLeft UIInterfaceOrientationLandscapeRight";
				INFOPLIST_KEY_UISupportedInterfaceOrientations_iPhone = "UIInterfaceOrientationPortrait UIInterfaceOrientationLandscapeLeft UIInterfaceOrientationLandscapeRight";
				LD_RUNPATH_SEARCH_PATHS = (
					"$(inherited)",
					"@executable_path/Frameworks",
				);
				MARKETING_VERSION = 1.0;
				PRODUCT_BUNDLE_IDENTIFIER = com.kamilniemczyk.DifferentWaysForUI;
				PRODUCT_NAME = "$(TARGET_NAME)";
				SWIFT_EMIT_LOC_STRINGS = YES;
				SWIFT_VERSION = 5.0;
				TARGETED_DEVICE_FAMILY = "1,2";
			};
			name = Debug;
		};
		326712CB27F31C4D0099F3E3 /* Release */ = {
			isa = XCBuildConfiguration;
			buildSettings = {
				ASSETCATALOG_COMPILER_APPICON_NAME = AppIcon;
				ASSETCATALOG_COMPILER_GLOBAL_ACCENT_COLOR_NAME = AccentColor;
				CODE_SIGN_STYLE = Automatic;
				CURRENT_PROJECT_VERSION = 1;
				DEVELOPMENT_TEAM = 4B3LS46Z5J;
				GENERATE_INFOPLIST_FILE = YES;
				INFOPLIST_FILE = DifferentWaysForUI/Info.plist;
				INFOPLIST_KEY_UIApplicationSupportsIndirectInputEvents = YES;
				INFOPLIST_KEY_UILaunchStoryboardName = LaunchScreen;
				INFOPLIST_KEY_UIMainStoryboardFile = Main;
				INFOPLIST_KEY_UISupportedInterfaceOrientations_iPad = "UIInterfaceOrientationPortrait UIInterfaceOrientationPortraitUpsideDown UIInterfaceOrientationLandscapeLeft UIInterfaceOrientationLandscapeRight";
				INFOPLIST_KEY_UISupportedInterfaceOrientations_iPhone = "UIInterfaceOrientationPortrait UIInterfaceOrientationLandscapeLeft UIInterfaceOrientationLandscapeRight";
				LD_RUNPATH_SEARCH_PATHS = (
					"$(inherited)",
					"@executable_path/Frameworks",
				);
				MARKETING_VERSION = 1.0;
				PRODUCT_BUNDLE_IDENTIFIER = com.kamilniemczyk.DifferentWaysForUI;
				PRODUCT_NAME = "$(TARGET_NAME)";
				SWIFT_EMIT_LOC_STRINGS = YES;
				SWIFT_VERSION = 5.0;
				TARGETED_DEVICE_FAMILY = "1,2";
			};
			name = Release;
		};
/* End XCBuildConfiguration section */

/* Begin XCConfigurationList section */
		326712AD27F31C4C0099F3E3 /* Build configuration list for PBXProject "DifferentWaysForUI" */ = {
			isa = XCConfigurationList;
			buildConfigurations = (
				326712C727F31C4D0099F3E3 /* Debug */,
				326712C827F31C4D0099F3E3 /* Release */,
			);
			defaultConfigurationIsVisible = 0;
			defaultConfigurationName = Release;
		};
		326712C927F31C4D0099F3E3 /* Build configuration list for PBXNativeTarget "DifferentWaysForUI" */ = {
			isa = XCConfigurationList;
			buildConfigurations = (
				326712CA27F31C4D0099F3E3 /* Debug */,
				326712CB27F31C4D0099F3E3 /* Release */,
			);
			defaultConfigurationIsVisible = 0;
			defaultConfigurationName = Release;
		};
/* End XCConfigurationList section */

/* Begin XCVersionGroup section */
		326712BE27F31C4C0099F3E3 /* DifferentWaysForUI.xcdatamodeld */ = {
			isa = XCVersionGroup;
			children = (
				326712BF27F31C4C0099F3E3 /* DifferentWaysForUI.xcdatamodel */,
			);
			currentVersion = 326712BF27F31C4C0099F3E3 /* DifferentWaysForUI.xcdatamodel */;
			path = DifferentWaysForUI.xcdatamodeld;
			sourceTree = "<group>";
			versionGroupType = wrapper.xcdatamodel;
		};
/* End XCVersionGroup section */
	};
	rootObject = 326712AA27F31C4C0099F3E3 /* Project object */;
}
